{
    "name": "int_brain_commerce",
    "version": "1.0.7",
    "lockfileVersion": 2,
    "requires": true,
    "packages": {
        "": {
            "version": "1.0.7",
            "dependencies": {
                "dw": "^1.0.1"
            }
        },
        "node_modules/dw": {
            "version": "1.0.1",
            "resolved": "https://registry.npmjs.org/dw/-/dw-1.0.1.tgz",
            "integrity": "sha512-DxgmZMu6eJzzEOmjY+LYVUavoRZeoT4yvUcUwZvibv98i46h1KpsrQqPS+91NKsgG2TCm8/jQ2TA6ic4Y56q8w=="
        }
    },
    "dependencies": {
        "dw": {
            "version": "1.0.1",
            "resolved": "https://registry.npmjs.org/dw/-/dw-1.0.1.tgz",
            "integrity": "sha512-DxgmZMu6eJzzEOmjY+LYVUavoRZeoT4yvUcUwZvibv98i46h1KpsrQqPS+91NKsgG2TCm8/jQ2TA6ic4Y56q8w=="
        }
    }
}
